
Microsoft Visual Studio Solution File, Format Version 12.00
# Visual Studio 15
VisualStudioVersion = 15.0.27703.2035
MinimumVisualStudioVersion = 10.0.40219.1
Project("{2150E333-8FDC-42A3-9474-1A3956D46DE8}") = "src", "src", "{3763B424-E557-437A-A596-17AECA11148D}"
EndProject
Project("{2150E333-8FDC-42A3-9474-1A3956D46DE8}") = "tests", "tests", "{B5839B3D-3806-4DAC-AF71-3529EF390576}"
EndProject
Project("{9A19103F-16F7-4668-BE54-9A1E7A4F7556}") = "SceneJect.Common", "src\SceneJect.Common\SceneJect.Common.csproj", "{41C972FA-8D00-4702-BE5E-6F1F99C8AB0A}"
EndProject
Project("{9A19103F-16F7-4668-BE54-9A1E7A4F7556}") = "SceneJect.Editor", "src\SceneJect.Editor\SceneJect.Editor.csproj", "{ACFB71C7-33F7-4DC3-95EA-1665557397F5}"
EndProject
Project("{9A19103F-16F7-4668-BE54-9A1E7A4F7556}") = "SceneJect.Metadata", "src\SceneJect.Metadata\SceneJect.Metadata.csproj", "{7FB57086-6C67-4D24-AD55-FAD4D0CEF002}"
EndProject
Project("{FAE04EC0-301F-11D3-BF4B-00C04F79EFBC}") = "Sceneject.Tests", "tests\Sceneject.Tests\Sceneject.Tests.csproj", "{653EE420-4E18-4118-909D-395951DEE7C8}"
EndProject
Global
	GlobalSection(SolutionConfigurationPlatforms) = preSolution
		Debug|Any CPU = Debug|Any CPU
		Release|Any CPU = Release|Any CPU
	EndGlobalSection
	GlobalSection(ProjectConfigurationPlatforms) = postSolution
		{41C972FA-8D00-4702-BE5E-6F1F99C8AB0A}.Debug|Any CPU.ActiveCfg = Debug|Any CPU
		{41C972FA-8D00-4702-BE5E-6F1F99C8AB0A}.Debug|Any CPU.Build.0 = Debug|Any CPU
		{41C972FA-8D00-4702-BE5E-6F1F99C8AB0A}.Release|Any CPU.ActiveCfg = Release|Any CPU
		{41C972FA-8D00-4702-BE5E-6F1F99C8AB0A}.Release|Any CPU.Build.0 = Release|Any CPU
		{ACFB71C7-33F7-4DC3-95EA-1665557397F5}.Debug|Any CPU.ActiveCfg = Debug|Any CPU
		{ACFB71C7-33F7-4DC3-95EA-1665557397F5}.Debug|Any CPU.Build.0 = Debug|Any CPU
		{ACFB71C7-33F7-4DC3-95EA-1665557397F5}.Release|Any CPU.ActiveCfg = Release|Any CPU
		{ACFB71C7-33F7-4DC3-95EA-1665557397F5}.Release|Any CPU.Build.0 = Release|Any CPU
		{7FB57086-6C67-4D24-AD55-FAD4D0CEF002}.Debug|Any CPU.ActiveCfg = Debug|Any CPU
		{7FB57086-6C67-4D24-AD55-FAD4D0CEF002}.Debug|Any CPU.Build.0 = Debug|Any CPU
		{7FB57086-6C67-4D24-AD55-FAD4D0CEF002}.Release|Any CPU.ActiveCfg = Release|Any CPU
		{7FB57086-6C67-4D24-AD55-FAD4D0CEF002}.Release|Any CPU.Build.0 = Release|Any CPU
		{653EE420-4E18-4118-909D-395951DEE7C8}.Debug|Any CPU.ActiveCfg = Debug|Any CPU
		{653EE420-4E18-4118-909D-395951DEE7C8}.Debug|Any CPU.Build.0 = Debug|Any CPU
		{653EE420-4E18-4118-909D-395951DEE7C8}.Release|Any CPU.ActiveCfg = Release|Any CPU
		{653EE420-4E18-4118-909D-395951DEE7C8}.Release|Any CPU.Build.0 = Release|Any CPU
	EndGlobalSection
	GlobalSection(SolutionProperties) = preSolution
		HideSolutionNode = FALSE
	EndGlobalSection
	GlobalSection(NestedProjects) = preSolution
		{41C972FA-8D00-4702-BE5E-6F1F99C8AB0A} = {3763B424-E557-437A-A596-17AECA11148D}
		{ACFB71C7-33F7-4DC3-95EA-1665557397F5} = {3763B424-E557-437A-A596-17AECA11148D}
		{7FB57086-6C67-4D24-AD55-FAD4D0CEF002} = {3763B424-E557-437A-A596-17AECA11148D}
		{653EE420-4E18-4118-909D-395951DEE7C8} = {B5839B3D-3806-4DAC-AF71-3529EF390576}
	EndGlobalSection
	GlobalSection(ExtensibilityGlobals) = postSolution
		SolutionGuid = {139B9C25-3098-4454-8CE8-A149A4F9B372}
	EndGlobalSection
EndGlobal
