
Microsoft Visual Studio Solution File, Format Version 12.00
# Visual Studio 14
VisualStudioVersion = 14.0.23107.0
MinimumVisualStudioVersion = 10.0.40219.1
Project("{FAE04EC0-301F-11D3-BF4B-00C04F79EFBC}") = "SceneJect.Editor", "src\SceneJect.Editor\SceneJect.Editor.csproj", "{C6091EA8-3C2D-42BF-B69C-68000D9BA9F4}"
EndProject
Project("{2150E333-8FDC-42A3-9474-1A3956D46DE8}") = "src", "src", "{21F6AEA9-D88A-4203-B95D-ACB179E79B73}"
EndProject
Project("{2150E333-8FDC-42A3-9474-1A3956D46DE8}") = "tests", "tests", "{0F78506F-DF78-4594-8BB8-A235C454EC7B}"
EndProject
Project("{FAE04EC0-301F-11D3-BF4B-00C04F79EFBC}") = "SceneJect.Common", "src\SceneJect.Common\SceneJect.Common.csproj", "{35AC7DB7-7233-47E9-A909-907879356CC1}"
EndProject
Project("{FAE04EC0-301F-11D3-BF4B-00C04F79EFBC}") = "SceneJect.Common.Tests", "tests\SceneJect.Common.Tests\SceneJect.Common.Tests.csproj", "{3323C585-D3EC-4D52-801A-B4F2B508B3EF}"
EndProject
Project("{FAE04EC0-301F-11D3-BF4B-00C04F79EFBC}") = "Sceneject.Autofac", "src\Sceneject.Autofac\Sceneject.Autofac.csproj", "{9D220E6B-6B68-4DCE-A069-3022A5082C2B}"
EndProject
Project("{FAE04EC0-301F-11D3-BF4B-00C04F79EFBC}") = "SceneJect.Autofac.Tests", "tests\SceneJect.Autofac.Tests\SceneJect.Autofac.Tests.csproj", "{746A94E9-D590-4CC4-9915-CB8AE55DC93E}"
EndProject
Global
	GlobalSection(SolutionConfigurationPlatforms) = preSolution
		Debug|Any CPU = Debug|Any CPU
		Release|Any CPU = Release|Any CPU
	EndGlobalSection
	GlobalSection(ProjectConfigurationPlatforms) = postSolution
		{C6091EA8-3C2D-42BF-B69C-68000D9BA9F4}.Debug|Any CPU.ActiveCfg = Debug|Any CPU
		{C6091EA8-3C2D-42BF-B69C-68000D9BA9F4}.Debug|Any CPU.Build.0 = Debug|Any CPU
		{C6091EA8-3C2D-42BF-B69C-68000D9BA9F4}.Release|Any CPU.ActiveCfg = Release|Any CPU
		{C6091EA8-3C2D-42BF-B69C-68000D9BA9F4}.Release|Any CPU.Build.0 = Release|Any CPU
		{35AC7DB7-7233-47E9-A909-907879356CC1}.Debug|Any CPU.ActiveCfg = Debug|Any CPU
		{35AC7DB7-7233-47E9-A909-907879356CC1}.Debug|Any CPU.Build.0 = Debug|Any CPU
		{35AC7DB7-7233-47E9-A909-907879356CC1}.Release|Any CPU.ActiveCfg = Release|Any CPU
		{35AC7DB7-7233-47E9-A909-907879356CC1}.Release|Any CPU.Build.0 = Release|Any CPU
		{3323C585-D3EC-4D52-801A-B4F2B508B3EF}.Debug|Any CPU.ActiveCfg = Debug|Any CPU
		{3323C585-D3EC-4D52-801A-B4F2B508B3EF}.Debug|Any CPU.Build.0 = Debug|Any CPU
		{3323C585-D3EC-4D52-801A-B4F2B508B3EF}.Release|Any CPU.ActiveCfg = Release|Any CPU
		{3323C585-D3EC-4D52-801A-B4F2B508B3EF}.Release|Any CPU.Build.0 = Release|Any CPU
		{9D220E6B-6B68-4DCE-A069-3022A5082C2B}.Debug|Any CPU.ActiveCfg = Debug|Any CPU
		{9D220E6B-6B68-4DCE-A069-3022A5082C2B}.Debug|Any CPU.Build.0 = Debug|Any CPU
		{9D220E6B-6B68-4DCE-A069-3022A5082C2B}.Release|Any CPU.ActiveCfg = Release|Any CPU
		{9D220E6B-6B68-4DCE-A069-3022A5082C2B}.Release|Any CPU.Build.0 = Release|Any CPU
		{746A94E9-D590-4CC4-9915-CB8AE55DC93E}.Debug|Any CPU.ActiveCfg = Debug|Any CPU
		{746A94E9-D590-4CC4-9915-CB8AE55DC93E}.Debug|Any CPU.Build.0 = Debug|Any CPU
		{746A94E9-D590-4CC4-9915-CB8AE55DC93E}.Release|Any CPU.ActiveCfg = Release|Any CPU
		{746A94E9-D590-4CC4-9915-CB8AE55DC93E}.Release|Any CPU.Build.0 = Release|Any CPU
	EndGlobalSection
	GlobalSection(SolutionProperties) = preSolution
		HideSolutionNode = FALSE
	EndGlobalSection
	GlobalSection(NestedProjects) = preSolution
		{C6091EA8-3C2D-42BF-B69C-68000D9BA9F4} = {21F6AEA9-D88A-4203-B95D-ACB179E79B73}
		{35AC7DB7-7233-47E9-A909-907879356CC1} = {21F6AEA9-D88A-4203-B95D-ACB179E79B73}
		{3323C585-D3EC-4D52-801A-B4F2B508B3EF} = {0F78506F-DF78-4594-8BB8-A235C454EC7B}
		{9D220E6B-6B68-4DCE-A069-3022A5082C2B} = {21F6AEA9-D88A-4203-B95D-ACB179E79B73}
		{746A94E9-D590-4CC4-9915-CB8AE55DC93E} = {0F78506F-DF78-4594-8BB8-A235C454EC7B}
	EndGlobalSection
EndGlobal
